{
  "name": "caleexx123",
  "version": "1.0.0",
  "lockfileVersion": 3,
  "requires": true,
  "packages": {
    "": {
      "name": "caleexx123",
      "version": "1.0.0",
      "license": "ISC",
      "dependencies": {
        "dhiraj123": "^1.0.1"
      }
    },
    "node_modules/dhiraj123": {
      "version": "1.0.1",
      "resolved": "https://registry.npmjs.org/dhiraj123/-/dhiraj123-1.0.1.tgz",
      "integrity": "sha512-9uNRPB9l6hpOeNgOiqjuACkuUvBb0a3ktFYgkKPEE5BEAywm35+G8yxhIZgw5AfnNEUP+b1DUJpZtoJ2z6lBdw==",
      "license": "ISC",
      "dependencies": {
        "jatin123": "^1.0.0"
      }
    },
    "node_modules/jatin123": {
      "version": "1.0.0",
      "resolved": "https://registry.npmjs.org/jatin123/-/jatin123-1.0.0.tgz",
      "integrity": "sha512-7K+08JmOdRSW4n6i/sJpWPzNRnVj9IwsneeYMq2kpm9vwEa3uOyNe3P13n2y18mmPDAqhvQgmwKhIs7DDOKW+A==",
      "license": "ISC"
    }
  }
}
